
Microsoft Visual Studio Solution File, Format Version 12.00
# Visual Studio Version 17
VisualStudioVersion = 17.9.34728.123
MinimumVisualStudioVersion = 10.0.40219.1
Project("{FAE04EC0-301F-11D3-BF4B-00C04F79EFBC}") = "My first windows service", "My first windows service.csproj", "{A87DE66D-B526-4472-B9BC-AF94E371B58D}"
EndProject
Global
	GlobalSection(SolutionConfigurationPlatforms) = preSolution
		Debug|Any CPU = Debug|Any CPU
		Release|Any CPU = Release|Any CPU
	EndGlobalSection
	GlobalSection(ProjectConfigurationPlatforms) = postSolution
		{A87DE66D-B526-4472-B9BC-AF94E371B58D}.Debug|Any CPU.ActiveCfg = Debug|Any CPU
		{A87DE66D-B526-4472-B9BC-AF94E371B58D}.Debug|Any CPU.Build.0 = Debug|Any CPU
		{A87DE66D-B526-4472-B9BC-AF94E371B58D}.Release|Any CPU.ActiveCfg = Release|Any CPU
		{A87DE66D-B526-4472-B9BC-AF94E371B58D}.Release|Any CPU.Build.0 = Release|Any CPU
	EndGlobalSection
	GlobalSection(SolutionProperties) = preSolution
		HideSolutionNode = FALSE
	EndGlobalSection
	GlobalSection(ExtensibilityGlobals) = postSolution
		SolutionGuid = {C4D805CD-A840-402D-B0D2-CD2173977121}
	EndGlobalSection
EndGlobal
